
Microsoft Visual Studio Solution File, Format Version 12.00
# Visual Studio 15
VisualStudioVersion = 15.0.28307.329
MinimumVisualStudioVersion = 10.0.40219.1
Project("{FAE04EC0-301F-11D3-BF4B-00C04F79EFBC}") = "NoSQL_MandatoryEx", "NoSQL_MandatoryEx\NoSQL_MandatoryEx.csproj", "{52C07A90-7DA0-4220-B5C6-92C1F82A5A0A}"
EndProject
Global
	GlobalSection(SolutionConfigurationPlatforms) = preSolution
		Debug|Any CPU = Debug|Any CPU
		Release|Any CPU = Release|Any CPU
	EndGlobalSection
	GlobalSection(ProjectConfigurationPlatforms) = postSolution
		{52C07A90-7DA0-4220-B5C6-92C1F82A5A0A}.Debug|Any CPU.ActiveCfg = Debug|Any CPU
		{52C07A90-7DA0-4220-B5C6-92C1F82A5A0A}.Debug|Any CPU.Build.0 = Debug|Any CPU
		{52C07A90-7DA0-4220-B5C6-92C1F82A5A0A}.Release|Any CPU.ActiveCfg = Release|Any CPU
		{52C07A90-7DA0-4220-B5C6-92C1F82A5A0A}.Release|Any CPU.Build.0 = Release|Any CPU
	EndGlobalSection
	GlobalSection(SolutionProperties) = preSolution
		HideSolutionNode = FALSE
	EndGlobalSection
	GlobalSection(ExtensibilityGlobals) = postSolution
		SolutionGuid = {BC5BAD4F-1358-4389-B7B3-8625A56F6C37}
	EndGlobalSection
EndGlobal
